
Microsoft Visual Studio Solution File, Format Version 12.00
# Visual Studio Version 17
VisualStudioVersion = 17.14.36212.18 d17.14
MinimumVisualStudioVersion = 10.0.40219.1
Project("{FAE04EC0-301F-11D3-BF4B-00C04F79EFBC}") = "wah", "wah.csproj", "{78114BF3-8738-458A-89D2-B9CE5BAB7C04}"
EndProject
Global
	GlobalSection(SolutionConfigurationPlatforms) = preSolution
		Debug|Any CPU = Debug|Any CPU
		Release|Any CPU = Release|Any CPU
	EndGlobalSection
	GlobalSection(ProjectConfigurationPlatforms) = postSolution
		{78114BF3-8738-458A-89D2-B9CE5BAB7C04}.Debug|Any CPU.ActiveCfg = Debug|Any CPU
		{78114BF3-8738-458A-89D2-B9CE5BAB7C04}.Debug|Any CPU.Build.0 = Debug|Any CPU
		{78114BF3-8738-458A-89D2-B9CE5BAB7C04}.Release|Any CPU.ActiveCfg = Release|Any CPU
		{78114BF3-8738-458A-89D2-B9CE5BAB7C04}.Release|Any CPU.Build.0 = Release|Any CPU
	EndGlobalSection
	GlobalSection(SolutionProperties) = preSolution
		HideSolutionNode = FALSE
	EndGlobalSection
	GlobalSection(ExtensibilityGlobals) = postSolution
		SolutionGuid = {2809905C-124D-4FA7-AACC-68A0D8760ED5}
	EndGlobalSection
EndGlobal
